{
  "name": "kensio.ai",
  "version": "0.0.0",
  "lockfileVersion": 3,
  "requires": true,
  "packages": {
    "": {
      "name": "kensio.ai",
      "version": "0.0.0",
      "license": "Apache-2.0",
      "workspaces": [
        "plugins/*"
      ],
      "engines": {
        "node": ">=20"
      }
    },
    "node_modules/@kensio/hello-world": {
      "resolved": "plugins/hello-world",
      "link": true
    },
    "node_modules/@kensio/isolated-testing-style": {
      "resolved": "plugins/isolated-testing-style",
      "link": true
    },
    "node_modules/@kensio/part-factory-test-data": {
      "resolved": "plugins/part-factory-test-data",
      "link": true
    },
    "node_modules/@kensio/skill-template": {
      "resolved": "plugins/skill-template",
      "link": true
    },
    "node_modules/@kensio/yulin-aws-simulation": {
      "resolved": "plugins/yulin-aws-simulation",
      "link": true
    },
    "plugins/hello-world": {
      "name": "@kensio/hello-world",
      "version": "1.0.0",
      "license": "Apache-2.0"
    },
    "plugins/isolated-testing-style": {
      "name": "@kensio/isolated-testing-style",
      "version": "1.0.0",
      "license": "Apache-2.0"
    },
    "plugins/part-factory-test-data": {
      "name": "@kensio/part-factory-test-data",
      "version": "1.0.0",
      "license": "Apache-2.0"
    },
    "plugins/skill-template": {
      "name": "@kensio/skill-template",
      "version": "1.0.0",
      "license": "Apache-2.0"
    },
    "plugins/yulin-aws-simulation": {
      "name": "@kensio/yulin-aws-simulation",
      "version": "1.0.0",
      "license": "Apache-2.0"
    }
  }
}
